
Microsoft Visual Studio Solution File, Format Version 12.00
# Visual Studio Version 17
VisualStudioVersion = 17.13.35825.156 d17.13
MinimumVisualStudioVersion = 10.0.40219.1
Project("{FAE04EC0-301F-11D3-BF4B-00C04F79EFBC}") = "WatchDog.SentinelService.Linux", "WatchDog.SentinelService\WatchDog.SentinelService.Linux.csproj", "{6849D9C1-351B-499E-8887-7E2C1C2E0AFA}"
EndProject
Project("{FAE04EC0-301F-11D3-BF4B-00C04F79EFBC}") = "WatchDog.Server", "WatchDog.Server\WatchDog.Server.csproj", "{AE365B38-1F17-435E-AFDD-B1E811C3EFBA}"
EndProject
Project("{FAE04EC0-301F-11D3-BF4B-00C04F79EFBC}") = "WatchDog.Monitor", "WatchDog.Monitor\WatchDog.Monitor.csproj", "{F521D327-D69D-4CF1-B551-7FB8A7EA3BBD}"
EndProject
Global
	GlobalSection(SolutionConfigurationPlatforms) = preSolution
		Debug|Any CPU = Debug|Any CPU
		Release|Any CPU = Release|Any CPU
	EndGlobalSection
	GlobalSection(ProjectConfigurationPlatforms) = postSolution
		{6849D9C1-351B-499E-8887-7E2C1C2E0AFA}.Debug|Any CPU.ActiveCfg = Debug|Any CPU
		{6849D9C1-351B-499E-8887-7E2C1C2E0AFA}.Debug|Any CPU.Build.0 = Debug|Any CPU
		{6849D9C1-351B-499E-8887-7E2C1C2E0AFA}.Release|Any CPU.ActiveCfg = Release|Any CPU
		{6849D9C1-351B-499E-8887-7E2C1C2E0AFA}.Release|Any CPU.Build.0 = Release|Any CPU
		{AE365B38-1F17-435E-AFDD-B1E811C3EFBA}.Debug|Any CPU.ActiveCfg = Debug|Any CPU
		{AE365B38-1F17-435E-AFDD-B1E811C3EFBA}.Debug|Any CPU.Build.0 = Debug|Any CPU
		{AE365B38-1F17-435E-AFDD-B1E811C3EFBA}.Release|Any CPU.ActiveCfg = Release|Any CPU
		{AE365B38-1F17-435E-AFDD-B1E811C3EFBA}.Release|Any CPU.Build.0 = Release|Any CPU
		{F521D327-D69D-4CF1-B551-7FB8A7EA3BBD}.Debug|Any CPU.ActiveCfg = Debug|Any CPU
		{F521D327-D69D-4CF1-B551-7FB8A7EA3BBD}.Debug|Any CPU.Build.0 = Debug|Any CPU
		{F521D327-D69D-4CF1-B551-7FB8A7EA3BBD}.Release|Any CPU.ActiveCfg = Release|Any CPU
		{F521D327-D69D-4CF1-B551-7FB8A7EA3BBD}.Release|Any CPU.Build.0 = Release|Any CPU
	EndGlobalSection
	GlobalSection(SolutionProperties) = preSolution
		HideSolutionNode = FALSE
	EndGlobalSection
	GlobalSection(ExtensibilityGlobals) = postSolution
		SolutionGuid = {35186EC9-F6DC-4FBB-BFDD-F139CF9215A5}
	EndGlobalSection
EndGlobal
